
Microsoft Visual Studio Solution File, Format Version 12.00
# Visual Studio Version 16
VisualStudioVersion = 16.0.29411.108
MinimumVisualStudioVersion = 10.0.40219.1
Project("{FAE04EC0-301F-11D3-BF4B-00C04F79EFBC}") = "AddPath", "AddPath.csproj", "{B501BCB0-9C42-411F-8FBF-D693B88C87A3}"
EndProject
Global
	GlobalSection(SolutionConfigurationPlatforms) = preSolution
		Debug|Any CPU = Debug|Any CPU
		Release|Any CPU = Release|Any CPU
	EndGlobalSection
	GlobalSection(ProjectConfigurationPlatforms) = postSolution
		{B501BCB0-9C42-411F-8FBF-D693B88C87A3}.Debug|Any CPU.ActiveCfg = Debug|Any CPU
		{B501BCB0-9C42-411F-8FBF-D693B88C87A3}.Debug|Any CPU.Build.0 = Debug|Any CPU
		{B501BCB0-9C42-411F-8FBF-D693B88C87A3}.Release|Any CPU.ActiveCfg = Release|Any CPU
		{B501BCB0-9C42-411F-8FBF-D693B88C87A3}.Release|Any CPU.Build.0 = Release|Any CPU
	EndGlobalSection
	GlobalSection(SolutionProperties) = preSolution
		HideSolutionNode = FALSE
	EndGlobalSection
	GlobalSection(ExtensibilityGlobals) = postSolution
		SolutionGuid = {7C1BAFF9-487E-47BA-8B1A-0899B81051A5}
	EndGlobalSection
EndGlobal
